
Microsoft Visual Studio Solution File, Format Version 12.00
# Visual Studio Version 16
VisualStudioVersion = 16.0.29519.181
MinimumVisualStudioVersion = 10.0.40219.1
Project("{FAE04EC0-301F-11D3-BF4B-00C04F79EFBC}") = "RevitMaster", "RevitMaster.csproj", "{4C440D0A-A351-4A31-A9F7-94895088FF93}"
EndProject
Project("{FAE04EC0-301F-11D3-BF4B-00C04F79EFBC}") = "RevitMasterUI", "..\RevitMasterUI\RevitMasterUI.csproj", "{FE083174-4F45-4FCD-95CE-CE394322D5C5}"
EndProject
Global
	GlobalSection(SolutionConfigurationPlatforms) = preSolution
		Debug|Any CPU = Debug|Any CPU
		Release|Any CPU = Release|Any CPU
	EndGlobalSection
	GlobalSection(ProjectConfigurationPlatforms) = postSolution
		{4C440D0A-A351-4A31-A9F7-94895088FF93}.Debug|Any CPU.ActiveCfg = Debug|Any CPU
		{4C440D0A-A351-4A31-A9F7-94895088FF93}.Debug|Any CPU.Build.0 = Debug|Any CPU
		{4C440D0A-A351-4A31-A9F7-94895088FF93}.Release|Any CPU.ActiveCfg = Release|Any CPU
		{4C440D0A-A351-4A31-A9F7-94895088FF93}.Release|Any CPU.Build.0 = Release|Any CPU
		{FE083174-4F45-4FCD-95CE-CE394322D5C5}.Debug|Any CPU.ActiveCfg = Debug|Any CPU
		{FE083174-4F45-4FCD-95CE-CE394322D5C5}.Debug|Any CPU.Build.0 = Debug|Any CPU
		{FE083174-4F45-4FCD-95CE-CE394322D5C5}.Release|Any CPU.ActiveCfg = Release|Any CPU
		{FE083174-4F45-4FCD-95CE-CE394322D5C5}.Release|Any CPU.Build.0 = Release|Any CPU
	EndGlobalSection
	GlobalSection(SolutionProperties) = preSolution
		HideSolutionNode = FALSE
	EndGlobalSection
	GlobalSection(ExtensibilityGlobals) = postSolution
		SolutionGuid = {C338592E-44D1-40BE-9B18-D33CF52D383E}
	EndGlobalSection
	GlobalSection(TeamFoundationVersionControl) = preSolution
		SccNumberOfProjects = 1
		SccEnterpriseProvider = {4CA58AB2-18FA-4F8D-95D4-32DDF27D184C}
		SccTeamFoundationServer = https://samoutlook.visualstudio.com/
		SccProjectUniqueName0 = RevitMaster.csproj
		SccProjectName0 = .
		SccAuxPath0 = https://samoutlook.visualstudio.com
		SccLocalPath0 = .
		SccProvider0 = {4CA58AB2-18FA-4F8D-95D4-32DDF27D184C}
	EndGlobalSection
EndGlobal
